
Microsoft Visual Studio Solution File, Format Version 12.00
# Visual Studio Version 17
VisualStudioVersion = 17.4.33213.308
MinimumVisualStudioVersion = 10.0.40219.1
Project("{9A19103F-16F7-4668-BE54-9A1E7A4F7556}") = "TesteFioTec2ConsoleApplication", "TesteFioTec2ConsoleApplication.csproj", "{0C6CADBB-D500-4151-8746-95A47DA3B9BF}"
EndProject
Project("{FAE04EC0-301F-11D3-BF4B-00C04F79EFBC}") = "TesteFioTecBiblioteca", "..\TesteFioTecBiblioteca\TesteFioTecBiblioteca.csproj", "{A38384B4-79D9-47F5-B5A6-E24ABDD51F45}"
EndProject
Global
	GlobalSection(SolutionConfigurationPlatforms) = preSolution
		Debug|Any CPU = Debug|Any CPU
		Release|Any CPU = Release|Any CPU
	EndGlobalSection
	GlobalSection(ProjectConfigurationPlatforms) = postSolution
		{0C6CADBB-D500-4151-8746-95A47DA3B9BF}.Debug|Any CPU.ActiveCfg = Debug|Any CPU
		{0C6CADBB-D500-4151-8746-95A47DA3B9BF}.Debug|Any CPU.Build.0 = Debug|Any CPU
		{0C6CADBB-D500-4151-8746-95A47DA3B9BF}.Release|Any CPU.ActiveCfg = Release|Any CPU
		{0C6CADBB-D500-4151-8746-95A47DA3B9BF}.Release|Any CPU.Build.0 = Release|Any CPU
		{A38384B4-79D9-47F5-B5A6-E24ABDD51F45}.Debug|Any CPU.ActiveCfg = Debug|Any CPU
		{A38384B4-79D9-47F5-B5A6-E24ABDD51F45}.Debug|Any CPU.Build.0 = Debug|Any CPU
		{A38384B4-79D9-47F5-B5A6-E24ABDD51F45}.Release|Any CPU.ActiveCfg = Release|Any CPU
		{A38384B4-79D9-47F5-B5A6-E24ABDD51F45}.Release|Any CPU.Build.0 = Release|Any CPU
	EndGlobalSection
	GlobalSection(SolutionProperties) = preSolution
		HideSolutionNode = FALSE
	EndGlobalSection
	GlobalSection(ExtensibilityGlobals) = postSolution
		SolutionGuid = {1091FAB1-DED7-4C66-848F-2C118FB2BA36}
	EndGlobalSection
EndGlobal
